
Microsoft Visual Studio Solution File, Format Version 12.00
# Visual Studio Version 16
VisualStudioVersion = 16.0.30114.105
MinimumVisualStudioVersion = 10.0.40219.1
Project("{6EC3EE1D-3C4E-46DD-8F32-0CC8E7565705}") = "Client", "Client\Client.fsproj", "{55D60AE6-1B8C-4AA2-9A7F-E1D37D5FE679}"
EndProject
Project("{6EC3EE1D-3C4E-46DD-8F32-0CC8E7565705}") = "Server", "Server\Server.fsproj", "{301CB5B2-C9AD-49AC-AF57-F9A9024FC853}"
EndProject
Project("{6EC3EE1D-3C4E-46DD-8F32-0CC8E7565705}") = "ServerTests", "ServerTests\ServerTests.fsproj", "{604CD19E-FE30-4ED9-9351-4221725EF549}"
EndProject
Project("{2150E333-8FDC-42A3-9474-1A3956D46DE8}") = "Back", "Back", "{6F8910EE-86E9-469B-8506-9ACB4DBF5535}"
EndProject
Project("{2150E333-8FDC-42A3-9474-1A3956D46DE8}") = "Front", "Front", "{68BDC780-5867-4B72-9995-5CF25BF45D77}"
EndProject
Global
	GlobalSection(SolutionConfigurationPlatforms) = preSolution
		Debug|Any CPU = Debug|Any CPU
		Debug|x64 = Debug|x64
		Debug|x86 = Debug|x86
		Release|Any CPU = Release|Any CPU
		Release|x64 = Release|x64
		Release|x86 = Release|x86
	EndGlobalSection
	GlobalSection(ProjectConfigurationPlatforms) = postSolution
		{55D60AE6-1B8C-4AA2-9A7F-E1D37D5FE679}.Debug|Any CPU.ActiveCfg = Debug|Any CPU
		{55D60AE6-1B8C-4AA2-9A7F-E1D37D5FE679}.Debug|Any CPU.Build.0 = Debug|Any CPU
		{55D60AE6-1B8C-4AA2-9A7F-E1D37D5FE679}.Debug|x64.ActiveCfg = Debug|Any CPU
		{55D60AE6-1B8C-4AA2-9A7F-E1D37D5FE679}.Debug|x64.Build.0 = Debug|Any CPU
		{55D60AE6-1B8C-4AA2-9A7F-E1D37D5FE679}.Debug|x86.ActiveCfg = Debug|Any CPU
		{55D60AE6-1B8C-4AA2-9A7F-E1D37D5FE679}.Debug|x86.Build.0 = Debug|Any CPU
		{55D60AE6-1B8C-4AA2-9A7F-E1D37D5FE679}.Release|Any CPU.ActiveCfg = Release|Any CPU
		{55D60AE6-1B8C-4AA2-9A7F-E1D37D5FE679}.Release|Any CPU.Build.0 = Release|Any CPU
		{55D60AE6-1B8C-4AA2-9A7F-E1D37D5FE679}.Release|x64.ActiveCfg = Release|Any CPU
		{55D60AE6-1B8C-4AA2-9A7F-E1D37D5FE679}.Release|x64.Build.0 = Release|Any CPU
		{55D60AE6-1B8C-4AA2-9A7F-E1D37D5FE679}.Release|x86.ActiveCfg = Release|Any CPU
		{55D60AE6-1B8C-4AA2-9A7F-E1D37D5FE679}.Release|x86.Build.0 = Release|Any CPU
		{301CB5B2-C9AD-49AC-AF57-F9A9024FC853}.Debug|Any CPU.ActiveCfg = Debug|Any CPU
		{301CB5B2-C9AD-49AC-AF57-F9A9024FC853}.Debug|Any CPU.Build.0 = Debug|Any CPU
		{301CB5B2-C9AD-49AC-AF57-F9A9024FC853}.Debug|x64.ActiveCfg = Debug|Any CPU
		{301CB5B2-C9AD-49AC-AF57-F9A9024FC853}.Debug|x64.Build.0 = Debug|Any CPU
		{301CB5B2-C9AD-49AC-AF57-F9A9024FC853}.Debug|x86.ActiveCfg = Debug|Any CPU
		{301CB5B2-C9AD-49AC-AF57-F9A9024FC853}.Debug|x86.Build.0 = Debug|Any CPU
		{301CB5B2-C9AD-49AC-AF57-F9A9024FC853}.Release|Any CPU.ActiveCfg = Release|Any CPU
		{301CB5B2-C9AD-49AC-AF57-F9A9024FC853}.Release|Any CPU.Build.0 = Release|Any CPU
		{301CB5B2-C9AD-49AC-AF57-F9A9024FC853}.Release|x64.ActiveCfg = Release|Any CPU
		{301CB5B2-C9AD-49AC-AF57-F9A9024FC853}.Release|x64.Build.0 = Release|Any CPU
		{301CB5B2-C9AD-49AC-AF57-F9A9024FC853}.Release|x86.ActiveCfg = Release|Any CPU
		{301CB5B2-C9AD-49AC-AF57-F9A9024FC853}.Release|x86.Build.0 = Release|Any CPU
		{604CD19E-FE30-4ED9-9351-4221725EF549}.Debug|Any CPU.ActiveCfg = Debug|Any CPU
		{604CD19E-FE30-4ED9-9351-4221725EF549}.Debug|Any CPU.Build.0 = Debug|Any CPU
		{604CD19E-FE30-4ED9-9351-4221725EF549}.Debug|x64.ActiveCfg = Debug|Any CPU
		{604CD19E-FE30-4ED9-9351-4221725EF549}.Debug|x64.Build.0 = Debug|Any CPU
		{604CD19E-FE30-4ED9-9351-4221725EF549}.Debug|x86.ActiveCfg = Debug|Any CPU
		{604CD19E-FE30-4ED9-9351-4221725EF549}.Debug|x86.Build.0 = Debug|Any CPU
		{604CD19E-FE30-4ED9-9351-4221725EF549}.Release|Any CPU.ActiveCfg = Release|Any CPU
		{604CD19E-FE30-4ED9-9351-4221725EF549}.Release|Any CPU.Build.0 = Release|Any CPU
		{604CD19E-FE30-4ED9-9351-4221725EF549}.Release|x64.ActiveCfg = Release|Any CPU
		{604CD19E-FE30-4ED9-9351-4221725EF549}.Release|x64.Build.0 = Release|Any CPU
		{604CD19E-FE30-4ED9-9351-4221725EF549}.Release|x86.ActiveCfg = Release|Any CPU
		{604CD19E-FE30-4ED9-9351-4221725EF549}.Release|x86.Build.0 = Release|Any CPU
	EndGlobalSection
	GlobalSection(SolutionProperties) = preSolution
		HideSolutionNode = FALSE
	EndGlobalSection
	GlobalSection(NestedProjects) = preSolution
		{55D60AE6-1B8C-4AA2-9A7F-E1D37D5FE679} = {68BDC780-5867-4B72-9995-5CF25BF45D77}
		{301CB5B2-C9AD-49AC-AF57-F9A9024FC853} = {6F8910EE-86E9-469B-8506-9ACB4DBF5535}
		{604CD19E-FE30-4ED9-9351-4221725EF549} = {6F8910EE-86E9-469B-8506-9ACB4DBF5535}
	EndGlobalSection
	GlobalSection(ExtensibilityGlobals) = postSolution
		SolutionGuid = {AFA2FC14-A394-43C4-94B6-271D993FE380}
	EndGlobalSection
EndGlobal
